{
    "name": "@screens",
    "lockfileVersion": 2,
    "requires": true,
    "packages": {
        "": {
            "name": "@screens",
            "devDependencies": {
                "@types/react-native-rss-parser": "^1.4.0"
            }
        },
        "node_modules/@types/react-native-rss-parser": {
            "version": "1.4.0",
            "resolved": "https://registry.npmjs.org/@types/react-native-rss-parser/-/react-native-rss-parser-1.4.0.tgz",
            "integrity": "sha512-5zs5MPBrMLZJ8tvtLaadVxVsO14jQuHnubQe2Dmf8Fa0wxsEBXRD43AbzLAGfXyuJQjhjtMTXxESWUDEgbqBcw==",
            "dev": true
        }
    },
    "dependencies": {
        "@types/react-native-rss-parser": {
            "version": "1.4.0",
            "resolved": "https://registry.npmjs.org/@types/react-native-rss-parser/-/react-native-rss-parser-1.4.0.tgz",
            "integrity": "sha512-5zs5MPBrMLZJ8tvtLaadVxVsO14jQuHnubQe2Dmf8Fa0wxsEBXRD43AbzLAGfXyuJQjhjtMTXxESWUDEgbqBcw==",
            "dev": true
        }
    }
}
